
Microsoft Visual Studio Solution File, Format Version 12.00
# Visual Studio 15
VisualStudioVersion = 15.0.28307.168
MinimumVisualStudioVersion = 10.0.40219.1
Project("{FAE04EC0-301F-11D3-BF4B-00C04F79EFBC}") = "BasicAuthWebApi", "BasicAuthWebApi\BasicAuthWebApi.csproj", "{FB31FCEB-537B-4403-9DDC-DCB040C7E32F}"
EndProject
Global
	GlobalSection(SolutionConfigurationPlatforms) = preSolution
		Debug|Any CPU = Debug|Any CPU
		Release|Any CPU = Release|Any CPU
	EndGlobalSection
	GlobalSection(ProjectConfigurationPlatforms) = postSolution
		{FB31FCEB-537B-4403-9DDC-DCB040C7E32F}.Debug|Any CPU.ActiveCfg = Debug|Any CPU
		{FB31FCEB-537B-4403-9DDC-DCB040C7E32F}.Debug|Any CPU.Build.0 = Debug|Any CPU
		{FB31FCEB-537B-4403-9DDC-DCB040C7E32F}.Release|Any CPU.ActiveCfg = Release|Any CPU
		{FB31FCEB-537B-4403-9DDC-DCB040C7E32F}.Release|Any CPU.Build.0 = Release|Any CPU
	EndGlobalSection
	GlobalSection(SolutionProperties) = preSolution
		HideSolutionNode = FALSE
	EndGlobalSection
	GlobalSection(ExtensibilityGlobals) = postSolution
		SolutionGuid = {7B428352-276F-42C5-857C-E2E0A3275356}
	EndGlobalSection
EndGlobal
